// !$*UTF8*$!
{
	archiveVersion = 1;
	classes = {
	};
	objectVersion = 51;
	objects = {

/* Begin PBXBuildFile section */
		0018F56CB9DF0B42EBAFE537 /* Pods_Instagram.framework in Frameworks */ = {isa = PBXBuildFile; fileRef = 6FF824019F90819F1534CC75 /* Pods_Instagram.framework */; };
		B195856924E92626005E6AF8 /* AppDelegate.swift in Sources */ = {isa = PBXBuildFile; fileRef = B195856824E92626005E6AF8 /* AppDelegate.swift */; };
		B195856B24E92626005E6AF8 /* SceneDelegate.swift in Sources */ = {isa = PBXBuildFile; fileRef = B195856A24E92626005E6AF8 /* SceneDelegate.swift */; };
		B195856D24E92626005E6AF8 /* HomeViewController.swift in Sources */ = {isa = PBXBuildFile; fileRef = B195856C24E92626005E6AF8 /* HomeViewController.swift */; };
		B195857024E92626005E6AF8 /* Main.storyboard in Resources */ = {isa = PBXBuildFile; fileRef = B195856E24E92626005E6AF8 /* Main.storyboard */; };
		B195857224E92627005E6AF8 /* Assets.xcassets in Resources */ = {isa = PBXBuildFile; fileRef = B195857124E92627005E6AF8 /* Assets.xcassets */; };
		B195857524E92627005E6AF8 /* LaunchScreen.storyboard in Resources */ = {isa = PBXBuildFile; fileRef = B195857324E92627005E6AF8 /* LaunchScreen.storyboard */; };
		B195858224E928C0005E6AF8 /* ExploreViewController.swift in Sources */ = {isa = PBXBuildFile; fileRef = B195858124E928C0005E6AF8 /* ExploreViewController.swift */; };
		B195858424E92900005E6AF8 /* CameraViewController.swift in Sources */ = {isa = PBXBuildFile; fileRef = B195858324E92900005E6AF8 /* CameraViewController.swift */; };
		B195858624E92915005E6AF8 /* NotificationsViewController.swift in Sources */ = {isa = PBXBuildFile; fileRef = B195858524E92915005E6AF8 /* NotificationsViewController.swift */; };
		B195858824E92933005E6AF8 /* ProfileViewController.swift in Sources */ = {isa = PBXBuildFile; fileRef = B195858724E92933005E6AF8 /* ProfileViewController.swift */; };
		B195858C24E929FA005E6AF8 /* LoginViewController.swift in Sources */ = {isa = PBXBuildFile; fileRef = B195858B24E929FA005E6AF8 /* LoginViewController.swift */; };
		B195858E24E92A07005E6AF8 /* RegisterViewController.swift in Sources */ = {isa = PBXBuildFile; fileRef = B195858D24E92A07005E6AF8 /* RegisterViewController.swift */; };
		B195859124E92A5A005E6AF8 /* PostViewController.swift in Sources */ = {isa = PBXBuildFile; fileRef = B195859024E92A5A005E6AF8 /* PostViewController.swift */; };
		B195859324E92A99005E6AF8 /* EditProfileViewController.swift in Sources */ = {isa = PBXBuildFile; fileRef = B195859224E92A99005E6AF8 /* EditProfileViewController.swift */; };
		B195859524E92ADE005E6AF8 /* SettingsViewController.swift in Sources */ = {isa = PBXBuildFile; fileRef = B195859424E92ADE005E6AF8 /* SettingsViewController.swift */; };
		B195859724E92B08005E6AF8 /* ListViewController.swift in Sources */ = {isa = PBXBuildFile; fileRef = B195859624E92B08005E6AF8 /* ListViewController.swift */; };
		B195859924E92B76005E6AF8 /* SearchViewController.swift in Sources */ = {isa = PBXBuildFile; fileRef = B195859824E92B76005E6AF8 /* SearchViewController.swift */; };
		B195859B24E92BAC005E6AF8 /* SearchResultViewController.swift in Sources */ = {isa = PBXBuildFile; fileRef = B195859A24E92BAC005E6AF8 /* SearchResultViewController.swift */; };
		B195859D24E92C52005E6AF8 /* PostEditorViewController.swift in Sources */ = {isa = PBXBuildFile; fileRef = B195859C24E92C52005E6AF8 /* PostEditorViewController.swift */; };
		B195859F24E92C74005E6AF8 /* PublishPostViewController.swift in Sources */ = {isa = PBXBuildFile; fileRef = B195859E24E92C74005E6AF8 /* PublishPostViewController.swift */; };
		B1E30ED224EA432400EEEBE9 /* DatabaseManager.swift in Sources */ = {isa = PBXBuildFile; fileRef = B1E30ED124EA432400EEEBE9 /* DatabaseManager.swift */; };
		B1E30ED424EA445900EEEBE9 /* AuthManager.swift in Sources */ = {isa = PBXBuildFile; fileRef = B1E30ED324EA445900EEEBE9 /* AuthManager.swift */; };
		B1E30ED624EA522500EEEBE9 /* StorageManager.swift in Sources */ = {isa = PBXBuildFile; fileRef = B1E30ED524EA522500EEEBE9 /* StorageManager.swift */; };
		B1E30ED824EB71EF00EEEBE9 /* Extentions.swift in Sources */ = {isa = PBXBuildFile; fileRef = B1E30ED724EB71EF00EEEBE9 /* Extentions.swift */; };
		B1E30EDA24EB738100EEEBE9 /* GoogleService-Info.plist in Resources */ = {isa = PBXBuildFile; fileRef = B1E30ED924EB738100EEEBE9 /* GoogleService-Info.plist */; };
		B1E30EDD24EF86E900EEEBE9 /* IGFeedPostTableViewCell.swift in Sources */ = {isa = PBXBuildFile; fileRef = B1E30EDC24EF86E900EEEBE9 /* IGFeedPostTableViewCell.swift */; };
		B1E30EE024EF890B00EEEBE9 /* IGFeddPostHeaderTableViewCell.swift in Sources */ = {isa = PBXBuildFile; fileRef = B1E30EDF24EF890B00EEEBE9 /* IGFeddPostHeaderTableViewCell.swift */; };
		B1E30EE224EF895800EEEBE9 /* IGFeedPostActionsTableViewCell.swift in Sources */ = {isa = PBXBuildFile; fileRef = B1E30EE124EF895800EEEBE9 /* IGFeedPostActionsTableViewCell.swift */; };
		B1E30EE424EF89B600EEEBE9 /* IDFeedPostGeneralTableViewCell.swift in Sources */ = {isa = PBXBuildFile; fileRef = B1E30EE324EF89B600EEEBE9 /* IDFeedPostGeneralTableViewCell.swift */; };
		B1E30EE624F0F0D700EEEBE9 /* FormTableViewCell.swift in Sources */ = {isa = PBXBuildFile; fileRef = B1E30EE524F0F0D700EEEBE9 /* FormTableViewCell.swift */; };
		B1E30EE924F100A600EEEBE9 /* PhotoCollectionViewCell.swift in Sources */ = {isa = PBXBuildFile; fileRef = B1E30EE824F100A600EEEBE9 /* PhotoCollectionViewCell.swift */; };
		B1E30EEB24F1012D00EEEBE9 /* ProfileInfoHeaderCollectionReusableView.swift in Sources */ = {isa = PBXBuildFile; fileRef = B1E30EEA24F1012D00EEEBE9 /* ProfileInfoHeaderCollectionReusableView.swift */; };
		B1E30EED24F1016C00EEEBE9 /* ProfileTabsCollectionReusableView.swift in Sources */ = {isa = PBXBuildFile; fileRef = B1E30EEC24F1016C00EEEBE9 /* ProfileTabsCollectionReusableView.swift */; };
/* End PBXBuildFile section */

/* Begin PBXFileReference section */
		6FF824019F90819F1534CC75 /* Pods_Instagram.framework */ = {isa = PBXFileReference; explicitFileType = wrapper.framework; includeInIndex = 0; path = Pods_Instagram.framework; sourceTree = BUILT_PRODUCTS_DIR; };
		A67201BBFA75158E6CBDD3E6 /* Pods-Instagram.release.xcconfig */ = {isa = PBXFileReference; includeInIndex = 1; lastKnownFileType = text.xcconfig; name = "Pods-Instagram.release.xcconfig"; path = "Target Support Files/Pods-Instagram/Pods-Instagram.release.xcconfig"; sourceTree = "<group>"; };
		B195856524E92626005E6AF8 /* Instagram.app */ = {isa = PBXFileReference; explicitFileType = wrapper.application; includeInIndex = 0; path = Instagram.app; sourceTree = BUILT_PRODUCTS_DIR; };
		B195856824E92626005E6AF8 /* AppDelegate.swift */ = {isa = PBXFileReference; lastKnownFileType = sourcecode.swift; path = AppDelegate.swift; sourceTree = "<group>"; };
		B195856A24E92626005E6AF8 /* SceneDelegate.swift */ = {isa = PBXFileReference; lastKnownFileType = sourcecode.swift; path = SceneDelegate.swift; sourceTree = "<group>"; };
		B195856C24E92626005E6AF8 /* HomeViewController.swift */ = {isa = PBXFileReference; lastKnownFileType = sourcecode.swift; path = HomeViewController.swift; sourceTree = "<group>"; };
		B195856F24E92626005E6AF8 /* Base */ = {isa = PBXFileReference; lastKnownFileType = file.storyboard; name = Base; path = Base.lproj/Main.storyboard; sourceTree = "<group>"; };
		B195857124E92627005E6AF8 /* Assets.xcassets */ = {isa = PBXFileReference; lastKnownFileType = folder.assetcatalog; path = Assets.xcassets; sourceTree = "<group>"; };
		B195857424E92627005E6AF8 /* Base */ = {isa = PBXFileReference; lastKnownFileType = file.storyboard; name = Base; path = Base.lproj/LaunchScreen.storyboard; sourceTree = "<group>"; };
		B195857624E92627005E6AF8 /* Info.plist */ = {isa = PBXFileReference; lastKnownFileType = text.plist.xml; path = Info.plist; sourceTree = "<group>"; };
		B195858124E928C0005E6AF8 /* ExploreViewController.swift */ = {isa = PBXFileReference; lastKnownFileType = sourcecode.swift; path = ExploreViewController.swift; sourceTree = "<group>"; };
		B195858324E92900005E6AF8 /* CameraViewController.swift */ = {isa = PBXFileReference; lastKnownFileType = sourcecode.swift; path = CameraViewController.swift; sourceTree = "<group>"; };
		B195858524E92915005E6AF8 /* NotificationsViewController.swift */ = {isa = PBXFileReference; lastKnownFileType = sourcecode.swift; path = NotificationsViewController.swift; sourceTree = "<group>"; };
		B195858724E92933005E6AF8 /* ProfileViewController.swift */ = {isa = PBXFileReference; lastKnownFileType = sourcecode.swift; path = ProfileViewController.swift; sourceTree = "<group>"; };
		B195858B24E929FA005E6AF8 /* LoginViewController.swift */ = {isa = PBXFileReference; lastKnownFileType = sourcecode.swift; path = LoginViewController.swift; sourceTree = "<group>"; };
		B195858D24E92A07005E6AF8 /* RegisterViewController.swift */ = {isa = PBXFileReference; lastKnownFileType = sourcecode.swift; path = RegisterViewController.swift; sourceTree = "<group>"; };
		B195859024E92A5A005E6AF8 /* PostViewController.swift */ = {isa = PBXFileReference; lastKnownFileType = sourcecode.swift; path = PostViewController.swift; sourceTree = "<group>"; };
		B195859224E92A99005E6AF8 /* EditProfileViewController.swift */ = {isa = PBXFileReference; lastKnownFileType = sourcecode.swift; path = EditProfileViewController.swift; sourceTree = "<group>"; };
		B195859424E92ADE005E6AF8 /* SettingsViewController.swift */ = {isa = PBXFileReference; lastKnownFileType = sourcecode.swift; path = SettingsViewController.swift; sourceTree = "<group>"; };
		B195859624E92B08005E6AF8 /* ListViewController.swift */ = {isa = PBXFileReference; lastKnownFileType = sourcecode.swift; path = ListViewController.swift; sourceTree = "<group>"; };
		B195859824E92B76005E6AF8 /* SearchViewController.swift */ = {isa = PBXFileReference; lastKnownFileType = sourcecode.swift; path = SearchViewController.swift; sourceTree = "<group>"; };
		B195859A24E92BAC005E6AF8 /* SearchResultViewController.swift */ = {isa = PBXFileReference; lastKnownFileType = sourcecode.swift; path = SearchResultViewController.swift; sourceTree = "<group>"; };
		B195859C24E92C52005E6AF8 /* PostEditorViewController.swift */ = {isa = PBXFileReference; lastKnownFileType = sourcecode.swift; path = PostEditorViewController.swift; sourceTree = "<group>"; };
		B195859E24E92C74005E6AF8 /* PublishPostViewController.swift */ = {isa = PBXFileReference; lastKnownFileType = sourcecode.swift; path = PublishPostViewController.swift; sourceTree = "<group>"; };
		B1E30ED124EA432400EEEBE9 /* DatabaseManager.swift */ = {isa = PBXFileReference; lastKnownFileType = sourcecode.swift; path = DatabaseManager.swift; sourceTree = "<group>"; };
		B1E30ED324EA445900EEEBE9 /* AuthManager.swift */ = {isa = PBXFileReference; lastKnownFileType = sourcecode.swift; path = AuthManager.swift; sourceTree = "<group>"; };
		B1E30ED524EA522500EEEBE9 /* StorageManager.swift */ = {isa = PBXFileReference; lastKnownFileType = sourcecode.swift; path = StorageManager.swift; sourceTree = "<group>"; };
		B1E30ED724EB71EF00EEEBE9 /* Extentions.swift */ = {isa = PBXFileReference; lastKnownFileType = sourcecode.swift; path = Extentions.swift; sourceTree = "<group>"; };
		B1E30ED924EB738100EEEBE9 /* GoogleService-Info.plist */ = {isa = PBXFileReference; fileEncoding = 4; lastKnownFileType = text.plist.xml; path = "GoogleService-Info.plist"; sourceTree = "<group>"; };
		B1E30EDC24EF86E900EEEBE9 /* IGFeedPostTableViewCell.swift */ = {isa = PBXFileReference; lastKnownFileType = sourcecode.swift; path = IGFeedPostTableViewCell.swift; sourceTree = "<group>"; };
		B1E30EDF24EF890B00EEEBE9 /* IGFeddPostHeaderTableViewCell.swift */ = {isa = PBXFileReference; lastKnownFileType = sourcecode.swift; path = IGFeddPostHeaderTableViewCell.swift; sourceTree = "<group>"; };
		B1E30EE124EF895800EEEBE9 /* IGFeedPostActionsTableViewCell.swift */ = {isa = PBXFileReference; lastKnownFileType = sourcecode.swift; path = IGFeedPostActionsTableViewCell.swift; sourceTree = "<group>"; };
		B1E30EE324EF89B600EEEBE9 /* IDFeedPostGeneralTableViewCell.swift */ = {isa = PBXFileReference; lastKnownFileType = sourcecode.swift; path = IDFeedPostGeneralTableViewCell.swift; sourceTree = "<group>"; };
		B1E30EE524F0F0D700EEEBE9 /* FormTableViewCell.swift */ = {isa = PBXFileReference; lastKnownFileType = sourcecode.swift; path = FormTableViewCell.swift; sourceTree = "<group>"; };
		B1E30EE824F100A600EEEBE9 /* PhotoCollectionViewCell.swift */ = {isa = PBXFileReference; lastKnownFileType = sourcecode.swift; path = PhotoCollectionViewCell.swift; sourceTree = "<group>"; };
		B1E30EEA24F1012D00EEEBE9 /* ProfileInfoHeaderCollectionReusableView.swift */ = {isa = PBXFileReference; lastKnownFileType = sourcecode.swift; path = ProfileInfoHeaderCollectionReusableView.swift; sourceTree = "<group>"; };
		B1E30EEC24F1016C00EEEBE9 /* ProfileTabsCollectionReusableView.swift */ = {isa = PBXFileReference; lastKnownFileType = sourcecode.swift; path = ProfileTabsCollectionReusableView.swift; sourceTree = "<group>"; };
		F59E6685D96A1BD12298F6B7 /* Pods-Instagram.debug.xcconfig */ = {isa = PBXFileReference; includeInIndex = 1; lastKnownFileType = text.xcconfig; name = "Pods-Instagram.debug.xcconfig"; path = "Target Support Files/Pods-Instagram/Pods-Instagram.debug.xcconfig"; sourceTree = "<group>"; };
/* End PBXFileReference section */

/* Begin PBXFrameworksBuildPhase section */
		B195856224E92626005E6AF8 /* Frameworks */ = {
			isa = PBXFrameworksBuildPhase;
			buildActionMask = 2147483647;
			files = (
				0018F56CB9DF0B42EBAFE537 /* Pods_Instagram.framework in Frameworks */,
			);
			runOnlyForDeploymentPostprocessing = 0;
		};
/* End PBXFrameworksBuildPhase section */

/* Begin PBXGroup section */
		08A26D9565A8E79978CF931E /* Frameworks */ = {
			isa = PBXGroup;
			children = (
				6FF824019F90819F1534CC75 /* Pods_Instagram.framework */,
			);
			name = Frameworks;
			sourceTree = "<group>";
		};
		B195855C24E92626005E6AF8 = {
			isa = PBXGroup;
			children = (
				B195856724E92626005E6AF8 /* Instagram */,
				B195856624E92626005E6AF8 /* Products */,
				CACBEEFE2530224523A06FC2 /* Pods */,
				08A26D9565A8E79978CF931E /* Frameworks */,
			);
			sourceTree = "<group>";
		};
		B195856624E92626005E6AF8 /* Products */ = {
			isa = PBXGroup;
			children = (
				B195856524E92626005E6AF8 /* Instagram.app */,
			);
			name = Products;
			sourceTree = "<group>";
		};
		B195856724E92626005E6AF8 /* Instagram */ = {
			isa = PBXGroup;
			children = (
				B195857F24E9268D005E6AF8 /* Resources */,
				B195857E24E9266F005E6AF8 /* Models */,
				B195857D24E9265E005E6AF8 /* Views */,
				B195857C24E9264E005E6AF8 /* Controllers */,
				B195857624E92627005E6AF8 /* Info.plist */,
			);
			path = Instagram;
			sourceTree = "<group>";
		};
		B195857C24E9264E005E6AF8 /* Controllers */ = {
			isa = PBXGroup;
			children = (
				B195858924E929A4005E6AF8 /* Other */,
				B195858F24E92A1D005E6AF8 /* Core Tabs */,
			);
			path = Controllers;
			sourceTree = "<group>";
		};
		B195857D24E9265E005E6AF8 /* Views */ = {
			isa = PBXGroup;
			children = (
				B1E30EE724F1006100EEEBE9 /* CollectionView Headers */,
				B1E30EDB24EF86B300EEEBE9 /* Cells */,
				B195857124E92627005E6AF8 /* Assets.xcassets */,
				B195858024E926F3005E6AF8 /* Storyboads */,
			);
			path = Views;
			sourceTree = "<group>";
		};
		B195857E24E9266F005E6AF8 /* Models */ = {
			isa = PBXGroup;
			children = (
			);
			path = Models;
			sourceTree = "<group>";
		};
		B195857F24E9268D005E6AF8 /* Resources */ = {
			isa = PBXGroup;
			children = (
				B1E30ED924EB738100EEEBE9 /* GoogleService-Info.plist */,
				B195856824E92626005E6AF8 /* AppDelegate.swift */,
				B195856A24E92626005E6AF8 /* SceneDelegate.swift */,
				B1E30ED124EA432400EEEBE9 /* DatabaseManager.swift */,
				B1E30ED324EA445900EEEBE9 /* AuthManager.swift */,
				B1E30ED524EA522500EEEBE9 /* StorageManager.swift */,
				B1E30ED724EB71EF00EEEBE9 /* Extentions.swift */,
			);
			path = Resources;
			sourceTree = "<group>";
		};
		B195858024E926F3005E6AF8 /* Storyboads */ = {
			isa = PBXGroup;
			children = (
				B195856E24E92626005E6AF8 /* Main.storyboard */,
				B195857324E92627005E6AF8 /* LaunchScreen.storyboard */,
			);
			path = Storyboads;
			sourceTree = "<group>";
		};
		B195858924E929A4005E6AF8 /* Other */ = {
			isa = PBXGroup;
			children = (
				B195858A24E929C3005E6AF8 /* Onboarding */,
				B1E30ED024EA427500EEEBE9 /* General */,
			);
			path = Other;
			sourceTree = "<group>";
		};
		B195858A24E929C3005E6AF8 /* Onboarding */ = {
			isa = PBXGroup;
			children = (
				B195858B24E929FA005E6AF8 /* LoginViewController.swift */,
				B195858D24E92A07005E6AF8 /* RegisterViewController.swift */,
			);
			path = Onboarding;
			sourceTree = "<group>";
		};
		B195858F24E92A1D005E6AF8 /* Core Tabs */ = {
			isa = PBXGroup;
			children = (
				B195856C24E92626005E6AF8 /* HomeViewController.swift */,
				B195858124E928C0005E6AF8 /* ExploreViewController.swift */,
				B195858324E92900005E6AF8 /* CameraViewController.swift */,
				B195858524E92915005E6AF8 /* NotificationsViewController.swift */,
				B195858724E92933005E6AF8 /* ProfileViewController.swift */,
			);
			path = "Core Tabs";
			sourceTree = "<group>";
		};
		B1E30ED024EA427500EEEBE9 /* General */ = {
			isa = PBXGroup;
			children = (
				B195859424E92ADE005E6AF8 /* SettingsViewController.swift */,
				B195859024E92A5A005E6AF8 /* PostViewController.swift */,
				B195859224E92A99005E6AF8 /* EditProfileViewController.swift */,
				B195859624E92B08005E6AF8 /* ListViewController.swift */,
				B195859824E92B76005E6AF8 /* SearchViewController.swift */,
				B195859A24E92BAC005E6AF8 /* SearchResultViewController.swift */,
				B195859C24E92C52005E6AF8 /* PostEditorViewController.swift */,
				B195859E24E92C74005E6AF8 /* PublishPostViewController.swift */,
			);
			path = General;
			sourceTree = "<group>";
		};
		B1E30EDB24EF86B300EEEBE9 /* Cells */ = {
			isa = PBXGroup;
			children = (
				B1E30EDE24EF88BE00EEEBE9 /* Home Feed */,
				B1E30EE524F0F0D700EEEBE9 /* FormTableViewCell.swift */,
				B1E30EE824F100A600EEEBE9 /* PhotoCollectionViewCell.swift */,
			);
			path = Cells;
			sourceTree = "<group>";
		};
		B1E30EDE24EF88BE00EEEBE9 /* Home Feed */ = {
			isa = PBXGroup;
			children = (
				B1E30EDF24EF890B00EEEBE9 /* IGFeddPostHeaderTableViewCell.swift */,
				B1E30EDC24EF86E900EEEBE9 /* IGFeedPostTableViewCell.swift */,
				B1E30EE124EF895800EEEBE9 /* IGFeedPostActionsTableViewCell.swift */,
				B1E30EE324EF89B600EEEBE9 /* IDFeedPostGeneralTableViewCell.swift */,
			);
			path = "Home Feed";
			sourceTree = "<group>";
		};
		B1E30EE724F1006100EEEBE9 /* CollectionView Headers */ = {
			isa = PBXGroup;
			children = (
				B1E30EEA24F1012D00EEEBE9 /* ProfileInfoHeaderCollectionReusableView.swift */,
				B1E30EEC24F1016C00EEEBE9 /* ProfileTabsCollectionReusableView.swift */,
			);
			path = "CollectionView Headers";
			sourceTree = "<group>";
		};
		CACBEEFE2530224523A06FC2 /* Pods */ = {
			isa = PBXGroup;
			children = (
				F59E6685D96A1BD12298F6B7 /* Pods-Instagram.debug.xcconfig */,
				A67201BBFA75158E6CBDD3E6 /* Pods-Instagram.release.xcconfig */,
			);
			path = Pods;
			sourceTree = "<group>";
		};
/* End PBXGroup section */

/* Begin PBXNativeTarget section */
		B195856424E92626005E6AF8 /* Instagram */ = {
			isa = PBXNativeTarget;
			buildConfigurationList = B195857924E92627005E6AF8 /* Build configuration list for PBXNativeTarget "Instagram" */;
			buildPhases = (
				9B61A8B1BE286FCEA123D09A /* [CP] Check Pods Manifest.lock */,
				B195856124E92626005E6AF8 /* Sources */,
				B195856224E92626005E6AF8 /* Frameworks */,
				B195856324E92626005E6AF8 /* Resources */,
				213E92E5FDB0C36CE6CAF2E6 /* [CP] Embed Pods Frameworks */,
			);
			buildRules = (
			);
			dependencies = (
			);
			name = Instagram;
			productName = Instagram;
			productReference = B195856524E92626005E6AF8 /* Instagram.app */;
			productType = "com.apple.product-type.application";
		};
/* End PBXNativeTarget section */

/* Begin PBXProject section */
		B195855D24E92626005E6AF8 /* Project object */ = {
			isa = PBXProject;
			attributes = {
				LastSwiftUpdateCheck = 1160;
				LastUpgradeCheck = 1160;
				ORGANIZATIONNAME = "Yusuke Mitsugi";
				TargetAttributes = {
					B195856424E92626005E6AF8 = {
						CreatedOnToolsVersion = 11.6;
					};
				};
			};
			buildConfigurationList = B195856024E92626005E6AF8 /* Build configuration list for PBXProject "Instagram" */;
			compatibilityVersion = "Xcode 9.3";
			developmentRegion = en;
			hasScannedForEncodings = 0;
			knownRegions = (
				en,
				Base,
			);
			mainGroup = B195855C24E92626005E6AF8;
			productRefGroup = B195856624E92626005E6AF8 /* Products */;
			projectDirPath = "";
			projectRoot = "";
			targets = (
				B195856424E92626005E6AF8 /* Instagram */,
			);
		};
/* End PBXProject section */

/* Begin PBXResourcesBuildPhase section */
		B195856324E92626005E6AF8 /* Resources */ = {
			isa = PBXResourcesBuildPhase;
			buildActionMask = 2147483647;
			files = (
				B195857524E92627005E6AF8 /* LaunchScreen.storyboard in Resources */,
				B1E30EDA24EB738100EEEBE9 /* GoogleService-Info.plist in Resources */,
				B195857224E92627005E6AF8 /* Assets.xcassets in Resources */,
				B195857024E92626005E6AF8 /* Main.storyboard in Resources */,
			);
			runOnlyForDeploymentPostprocessing = 0;
		};
/* End PBXResourcesBuildPhase section */

/* Begin PBXShellScriptBuildPhase section */
		213E92E5FDB0C36CE6CAF2E6 /* [CP] Embed Pods Frameworks */ = {
			isa = PBXShellScriptBuildPhase;
			buildActionMask = 2147483647;
			files = (
			);
			inputFileListPaths = (
				"${PODS_ROOT}/Target Support Files/Pods-Instagram/Pods-Instagram-frameworks-${CONFIGURATION}-input-files.xcfilelist",
			);
			name = "[CP] Embed Pods Frameworks";
			outputFileListPaths = (
				"${PODS_ROOT}/Target Support Files/Pods-Instagram/Pods-Instagram-frameworks-${CONFIGURATION}-output-files.xcfilelist",
			);
			runOnlyForDeploymentPostprocessing = 0;
			shellPath = /bin/sh;
			shellScript = "\"${PODS_ROOT}/Target Support Files/Pods-Instagram/Pods-Instagram-frameworks.sh\"\n";
			showEnvVarsInLog = 0;
		};
		9B61A8B1BE286FCEA123D09A /* [CP] Check Pods Manifest.lock */ = {
			isa = PBXShellScriptBuildPhase;
			buildActionMask = 2147483647;
			files = (
			);
			inputFileListPaths = (
			);
			inputPaths = (
				"${PODS_PODFILE_DIR_PATH}/Podfile.lock",
				"${PODS_ROOT}/Manifest.lock",
			);
			name = "[CP] Check Pods Manifest.lock";
			outputFileListPaths = (
			);
			outputPaths = (
				"$(DERIVED_FILE_DIR)/Pods-Instagram-checkManifestLockResult.txt",
			);
			runOnlyForDeploymentPostprocessing = 0;
			shellPath = /bin/sh;
			shellScript = "diff \"${PODS_PODFILE_DIR_PATH}/Podfile.lock\" \"${PODS_ROOT}/Manifest.lock\" > /dev/null\nif [ $? != 0 ] ; then\n    # print error to STDERR\n    echo \"error: The sandbox is not in sync with the Podfile.lock. Run 'pod install' or update your CocoaPods installation.\" >&2\n    exit 1\nfi\n# This output is used by Xcode 'outputs' to avoid re-running this script phase.\necho \"SUCCESS\" > \"${SCRIPT_OUTPUT_FILE_0}\"\n";
			showEnvVarsInLog = 0;
		};
/* End PBXShellScriptBuildPhase section */

/* Begin PBXSourcesBuildPhase section */
		B195856124E92626005E6AF8 /* Sources */ = {
			isa = PBXSourcesBuildPhase;
			buildActionMask = 2147483647;
			files = (
				B195859324E92A99005E6AF8 /* EditProfileViewController.swift in Sources */,
				B195858E24E92A07005E6AF8 /* RegisterViewController.swift in Sources */,
				B195859F24E92C74005E6AF8 /* PublishPostViewController.swift in Sources */,
				B1E30EE024EF890B00EEEBE9 /* IGFeddPostHeaderTableViewCell.swift in Sources */,
				B195858224E928C0005E6AF8 /* ExploreViewController.swift in Sources */,
				B195858424E92900005E6AF8 /* CameraViewController.swift in Sources */,
				B195856D24E92626005E6AF8 /* HomeViewController.swift in Sources */,
				B195859D24E92C52005E6AF8 /* PostEditorViewController.swift in Sources */,
				B195859124E92A5A005E6AF8 /* PostViewController.swift in Sources */,
				B1E30EE624F0F0D700EEEBE9 /* FormTableViewCell.swift in Sources */,
				B1E30ED224EA432400EEEBE9 /* DatabaseManager.swift in Sources */,
				B1E30EED24F1016C00EEEBE9 /* ProfileTabsCollectionReusableView.swift in Sources */,
				B195858624E92915005E6AF8 /* NotificationsViewController.swift in Sources */,
				B195859B24E92BAC005E6AF8 /* SearchResultViewController.swift in Sources */,
				B1E30EDD24EF86E900EEEBE9 /* IGFeedPostTableViewCell.swift in Sources */,
				B1E30EE924F100A600EEEBE9 /* PhotoCollectionViewCell.swift in Sources */,
				B195858C24E929FA005E6AF8 /* LoginViewController.swift in Sources */,
				B195859924E92B76005E6AF8 /* SearchViewController.swift in Sources */,
				B195858824E92933005E6AF8 /* ProfileViewController.swift in Sources */,
				B1E30EE424EF89B600EEEBE9 /* IDFeedPostGeneralTableViewCell.swift in Sources */,
				B1E30ED424EA445900EEEBE9 /* AuthManager.swift in Sources */,
				B1E30EEB24F1012D00EEEBE9 /* ProfileInfoHeaderCollectionReusableView.swift in Sources */,
				B195856924E92626005E6AF8 /* AppDelegate.swift in Sources */,
				B195856B24E92626005E6AF8 /* SceneDelegate.swift in Sources */,
				B195859724E92B08005E6AF8 /* ListViewController.swift in Sources */,
				B195859524E92ADE005E6AF8 /* SettingsViewController.swift in Sources */,
				B1E30EE224EF895800EEEBE9 /* IGFeedPostActionsTableViewCell.swift in Sources */,
				B1E30ED624EA522500EEEBE9 /* StorageManager.swift in Sources */,
				B1E30ED824EB71EF00EEEBE9 /* Extentions.swift in Sources */,
			);
			runOnlyForDeploymentPostprocessing = 0;
		};
/* End PBXSourcesBuildPhase section */

/* Begin PBXVariantGroup section */
		B195856E24E92626005E6AF8 /* Main.storyboard */ = {
			isa = PBXVariantGroup;
			children = (
				B195856F24E92626005E6AF8 /* Base */,
			);
			name = Main.storyboard;
			sourceTree = "<group>";
		};
		B195857324E92627005E6AF8 /* LaunchScreen.storyboard */ = {
			isa = PBXVariantGroup;
			children = (
				B195857424E92627005E6AF8 /* Base */,
			);
			name = LaunchScreen.storyboard;
			sourceTree = "<group>";
		};
/* End PBXVariantGroup section */

/* Begin XCBuildConfiguration section */
		B195857724E92627005E6AF8 /* Debug */ = {
			isa = XCBuildConfiguration;
			buildSettings = {
				ALWAYS_SEARCH_USER_PATHS = NO;
				CLANG_ANALYZER_NONNULL = YES;
				CLANG_ANALYZER_NUMBER_OBJECT_CONVERSION = YES_AGGRESSIVE;
				CLANG_CXX_LANGUAGE_STANDARD = "gnu++14";
				CLANG_CXX_LIBRARY = "libc++";
				CLANG_ENABLE_MODULES = YES;
				CLANG_ENABLE_OBJC_ARC = YES;
				CLANG_ENABLE_OBJC_WEAK = YES;
				CLANG_WARN_BLOCK_CAPTURE_AUTORELEASING = YES;
				CLANG_WARN_BOOL_CONVERSION = YES;
				CLANG_WARN_COMMA = YES;
				CLANG_WARN_CONSTANT_CONVERSION = YES;
				CLANG_WARN_DEPRECATED_OBJC_IMPLEMENTATIONS = YES;
				CLANG_WARN_DIRECT_OBJC_ISA_USAGE = YES_ERROR;
				CLANG_WARN_DOCUMENTATION_COMMENTS = YES;
				CLANG_WARN_EMPTY_BODY = YES;
				CLANG_WARN_ENUM_CONVERSION = YES;
				CLANG_WARN_INFINITE_RECURSION = YES;
				CLANG_WARN_INT_CONVERSION = YES;
				CLANG_WARN_NON_LITERAL_NULL_CONVERSION = YES;
				CLANG_WARN_OBJC_IMPLICIT_RETAIN_SELF = YES;
				CLANG_WARN_OBJC_LITERAL_CONVERSION = YES;
				CLANG_WARN_OBJC_ROOT_CLASS = YES_ERROR;
				CLANG_WARN_RANGE_LOOP_ANALYSIS = YES;
				CLANG_WARN_STRICT_PROTOTYPES = YES;
				CLANG_WARN_SUSPICIOUS_MOVE = YES;
				CLANG_WARN_UNGUARDED_AVAILABILITY = YES_AGGRESSIVE;
				CLANG_WARN_UNREACHABLE_CODE = YES;
				CLANG_WARN__DUPLICATE_METHOD_MATCH = YES;
				COPY_PHASE_STRIP = NO;
				DEBUG_INFORMATION_FORMAT = dwarf;
				ENABLE_STRICT_OBJC_MSGSEND = YES;
				ENABLE_TESTABILITY = YES;
				GCC_C_LANGUAGE_STANDARD = gnu11;
				GCC_DYNAMIC_NO_PIC = NO;
				GCC_NO_COMMON_BLOCKS = YES;
				GCC_OPTIMIZATION_LEVEL = 0;
				GCC_PREPROCESSOR_DEFINITIONS = (
					"DEBUG=1",
					"$(inherited)",
				);
				GCC_WARN_64_TO_32_BIT_CONVERSION = YES;
				GCC_WARN_ABOUT_RETURN_TYPE = YES_ERROR;
				GCC_WARN_UNDECLARED_SELECTOR = YES;
				GCC_WARN_UNINITIALIZED_AUTOS = YES_AGGRESSIVE;
				GCC_WARN_UNUSED_FUNCTION = YES;
				GCC_WARN_UNUSED_VARIABLE = YES;
				IPHONEOS_DEPLOYMENT_TARGET = 13.6;
				MTL_ENABLE_DEBUG_INFO = INCLUDE_SOURCE;
				MTL_FAST_MATH = YES;
				ONLY_ACTIVE_ARCH = YES;
				SDKROOT = iphoneos;
				SWIFT_ACTIVE_COMPILATION_CONDITIONS = DEBUG;
				SWIFT_OPTIMIZATION_LEVEL = "-Onone";
			};
			name = Debug;
		};
		B195857824E92627005E6AF8 /* Release */ = {
			isa = XCBuildConfiguration;
			buildSettings = {
				ALWAYS_SEARCH_USER_PATHS = NO;
				CLANG_ANALYZER_NONNULL = YES;
				CLANG_ANALYZER_NUMBER_OBJECT_CONVERSION = YES_AGGRESSIVE;
				CLANG_CXX_LANGUAGE_STANDARD = "gnu++14";
				CLANG_CXX_LIBRARY = "libc++";
				CLANG_ENABLE_MODULES = YES;
				CLANG_ENABLE_OBJC_ARC = YES;
				CLANG_ENABLE_OBJC_WEAK = YES;
				CLANG_WARN_BLOCK_CAPTURE_AUTORELEASING = YES;
				CLANG_WARN_BOOL_CONVERSION = YES;
				CLANG_WARN_COMMA = YES;
				CLANG_WARN_CONSTANT_CONVERSION = YES;
				CLANG_WARN_DEPRECATED_OBJC_IMPLEMENTATIONS = YES;
				CLANG_WARN_DIRECT_OBJC_ISA_USAGE = YES_ERROR;
				CLANG_WARN_DOCUMENTATION_COMMENTS = YES;
				CLANG_WARN_EMPTY_BODY = YES;
				CLANG_WARN_ENUM_CONVERSION = YES;
				CLANG_WARN_INFINITE_RECURSION = YES;
				CLANG_WARN_INT_CONVERSION = YES;
				CLANG_WARN_NON_LITERAL_NULL_CONVERSION = YES;
				CLANG_WARN_OBJC_IMPLICIT_RETAIN_SELF = YES;
				CLANG_WARN_OBJC_LITERAL_CONVERSION = YES;
				CLANG_WARN_OBJC_ROOT_CLASS = YES_ERROR;
				CLANG_WARN_RANGE_LOOP_ANALYSIS = YES;
				CLANG_WARN_STRICT_PROTOTYPES = YES;
				CLANG_WARN_SUSPICIOUS_MOVE = YES;
				CLANG_WARN_UNGUARDED_AVAILABILITY = YES_AGGRESSIVE;
				CLANG_WARN_UNREACHABLE_CODE = YES;
				CLANG_WARN__DUPLICATE_METHOD_MATCH = YES;
				COPY_PHASE_STRIP = NO;
				DEBUG_INFORMATION_FORMAT = "dwarf-with-dsym";
				ENABLE_NS_ASSERTIONS = NO;
				ENABLE_STRICT_OBJC_MSGSEND = YES;
				GCC_C_LANGUAGE_STANDARD = gnu11;
				GCC_NO_COMMON_BLOCKS = YES;
				GCC_WARN_64_TO_32_BIT_CONVERSION = YES;
				GCC_WARN_ABOUT_RETURN_TYPE = YES_ERROR;
				GCC_WARN_UNDECLARED_SELECTOR = YES;
				GCC_WARN_UNINITIALIZED_AUTOS = YES_AGGRESSIVE;
				GCC_WARN_UNUSED_FUNCTION = YES;
				GCC_WARN_UNUSED_VARIABLE = YES;
				IPHONEOS_DEPLOYMENT_TARGET = 13.6;
				MTL_ENABLE_DEBUG_INFO = NO;
				MTL_FAST_MATH = YES;
				SDKROOT = iphoneos;
				SWIFT_COMPILATION_MODE = wholemodule;
				SWIFT_OPTIMIZATION_LEVEL = "-O";
				VALIDATE_PRODUCT = YES;
			};
			name = Release;
		};
		B195857A24E92627005E6AF8 /* Debug */ = {
			isa = XCBuildConfiguration;
			baseConfigurationReference = F59E6685D96A1BD12298F6B7 /* Pods-Instagram.debug.xcconfig */;
			buildSettings = {
				ASSETCATALOG_COMPILER_APPICON_NAME = AppIcon;
				CODE_SIGN_STYLE = Automatic;
				DEVELOPMENT_TEAM = 9QL33AZPF6;
				INFOPLIST_FILE = Instagram/Info.plist;
				IPHONEOS_DEPLOYMENT_TARGET = 13.0;
				LD_RUNPATH_SEARCH_PATHS = (
					"$(inherited)",
					"@executable_path/Frameworks",
				);
				PRODUCT_BUNDLE_IDENTIFIER = com.gmail.jungle.pastabal.Instagram;
				PRODUCT_NAME = "$(TARGET_NAME)";
				SWIFT_VERSION = 5.0;
				TARGETED_DEVICE_FAMILY = "1,2";
			};
			name = Debug;
		};
		B195857B24E92627005E6AF8 /* Release */ = {
			isa = XCBuildConfiguration;
			baseConfigurationReference = A67201BBFA75158E6CBDD3E6 /* Pods-Instagram.release.xcconfig */;
			buildSettings = {
				ASSETCATALOG_COMPILER_APPICON_NAME = AppIcon;
				CODE_SIGN_STYLE = Automatic;
				DEVELOPMENT_TEAM = 9QL33AZPF6;
				INFOPLIST_FILE = Instagram/Info.plist;
				IPHONEOS_DEPLOYMENT_TARGET = 13.0;
				LD_RUNPATH_SEARCH_PATHS = (
					"$(inherited)",
					"@executable_path/Frameworks",
				);
				PRODUCT_BUNDLE_IDENTIFIER = com.gmail.jungle.pastabal.Instagram;
				PRODUCT_NAME = "$(TARGET_NAME)";
				SWIFT_VERSION = 5.0;
				TARGETED_DEVICE_FAMILY = "1,2";
			};
			name = Release;
		};
/* End XCBuildConfiguration section */

/* Begin XCConfigurationList section */
		B195856024E92626005E6AF8 /* Build configuration list for PBXProject "Instagram" */ = {
			isa = XCConfigurationList;
			buildConfigurations = (
				B195857724E92627005E6AF8 /* Debug */,
				B195857824E92627005E6AF8 /* Release */,
			);
			defaultConfigurationIsVisible = 0;
			defaultConfigurationName = Release;
		};
		B195857924E92627005E6AF8 /* Build configuration list for PBXNativeTarget "Instagram" */ = {
			isa = XCConfigurationList;
			buildConfigurations = (
				B195857A24E92627005E6AF8 /* Debug */,
				B195857B24E92627005E6AF8 /* Release */,
			);
			defaultConfigurationIsVisible = 0;
			defaultConfigurationName = Release;
		};
/* End XCConfigurationList section */
	};
	rootObject = B195855D24E92626005E6AF8 /* Project object */;
}
